
Microsoft Visual Studio Solution File, Format Version 12.00
# Visual Studio Version 16
VisualStudioVersion = 16.0.30011.22
MinimumVisualStudioVersion = 10.0.40219.1
Project("{FAE04EC0-301F-11D3-BF4B-00C04F79EFBC}") = "Claims", "ConsoleApp1\Claims.csproj", "{7A155FCA-89BF-4389-8169-8F2AF38708A0}"
EndProject
Project("{FAE04EC0-301F-11D3-BF4B-00C04F79EFBC}") = "Cafe", "Cafe\Cafe.csproj", "{E26305BC-138D-4D77-B29C-DBFB7ABEAF36}"
EndProject
Project("{FAE04EC0-301F-11D3-BF4B-00C04F79EFBC}") = "Cafe_Tests", "Cafe_Tests\Cafe_Tests.csproj", "{5345E049-9A11-448F-B56F-283DA0664221}"
EndProject
Project("{FAE04EC0-301F-11D3-BF4B-00C04F79EFBC}") = "Claims_Tests", "Claim_Tests\Claims_Tests.csproj", "{FBEB0048-27B8-49FA-AD0C-E9538CE7B1CF}"
EndProject
Project("{FAE04EC0-301F-11D3-BF4B-00C04F79EFBC}") = "Badges", "Badges\Badges.csproj", "{673C3F4D-76E1-4681-88F5-86F3CB082DCF}"
EndProject
Global
	GlobalSection(SolutionConfigurationPlatforms) = preSolution
		Debug|Any CPU = Debug|Any CPU
		Release|Any CPU = Release|Any CPU
	EndGlobalSection
	GlobalSection(ProjectConfigurationPlatforms) = postSolution
		{7A155FCA-89BF-4389-8169-8F2AF38708A0}.Debug|Any CPU.ActiveCfg = Debug|Any CPU
		{7A155FCA-89BF-4389-8169-8F2AF38708A0}.Debug|Any CPU.Build.0 = Debug|Any CPU
		{7A155FCA-89BF-4389-8169-8F2AF38708A0}.Release|Any CPU.ActiveCfg = Release|Any CPU
		{7A155FCA-89BF-4389-8169-8F2AF38708A0}.Release|Any CPU.Build.0 = Release|Any CPU
		{E26305BC-138D-4D77-B29C-DBFB7ABEAF36}.Debug|Any CPU.ActiveCfg = Debug|Any CPU
		{E26305BC-138D-4D77-B29C-DBFB7ABEAF36}.Debug|Any CPU.Build.0 = Debug|Any CPU
		{E26305BC-138D-4D77-B29C-DBFB7ABEAF36}.Release|Any CPU.ActiveCfg = Release|Any CPU
		{E26305BC-138D-4D77-B29C-DBFB7ABEAF36}.Release|Any CPU.Build.0 = Release|Any CPU
		{5345E049-9A11-448F-B56F-283DA0664221}.Debug|Any CPU.ActiveCfg = Debug|Any CPU
		{5345E049-9A11-448F-B56F-283DA0664221}.Debug|Any CPU.Build.0 = Debug|Any CPU
		{5345E049-9A11-448F-B56F-283DA0664221}.Release|Any CPU.ActiveCfg = Release|Any CPU
		{5345E049-9A11-448F-B56F-283DA0664221}.Release|Any CPU.Build.0 = Release|Any CPU
		{FBEB0048-27B8-49FA-AD0C-E9538CE7B1CF}.Debug|Any CPU.ActiveCfg = Debug|Any CPU
		{FBEB0048-27B8-49FA-AD0C-E9538CE7B1CF}.Debug|Any CPU.Build.0 = Debug|Any CPU
		{FBEB0048-27B8-49FA-AD0C-E9538CE7B1CF}.Release|Any CPU.ActiveCfg = Release|Any CPU
		{FBEB0048-27B8-49FA-AD0C-E9538CE7B1CF}.Release|Any CPU.Build.0 = Release|Any CPU
		{673C3F4D-76E1-4681-88F5-86F3CB082DCF}.Debug|Any CPU.ActiveCfg = Debug|Any CPU
		{673C3F4D-76E1-4681-88F5-86F3CB082DCF}.Debug|Any CPU.Build.0 = Debug|Any CPU
		{673C3F4D-76E1-4681-88F5-86F3CB082DCF}.Release|Any CPU.ActiveCfg = Release|Any CPU
		{673C3F4D-76E1-4681-88F5-86F3CB082DCF}.Release|Any CPU.Build.0 = Release|Any CPU
	EndGlobalSection
	GlobalSection(SolutionProperties) = preSolution
		HideSolutionNode = FALSE
	EndGlobalSection
	GlobalSection(ExtensibilityGlobals) = postSolution
		SolutionGuid = {5D13B5C2-0A3C-45CD-95D5-9888A7440612}
	EndGlobalSection
EndGlobal
